# This file is automatically @generated by Cargo.
# It is not intended for manual editing.
version = 4

[[package]]
name = "assembler"
version = "0.1.0"
dependencies = [
 "bumpalo",
]

[[package]]
name = "bumpalo"
version = "3.19.0"
source = "registry+https://github.com/rust-lang/crates.io-index"
checksum = "46c5e41b57b8bba42a04676d81cb89e9ee8e859a1a66f80a5a72e1cb76b34d43"

[[package]]
name = "bytemuck"
version = "1.23.1"
source = "registry+https://github.com/rust-lang/crates.io-index"
checksum = "5c76a5792e44e4abe34d3abf15636779261d45a7450612059293d1d2cfc63422"

[[package]]
name = "common"
version = "0.1.0"

[[package]]
name = "emu"
version = "0.1.0"
dependencies = [
 "mem",
]

[[package]]
name = "mem"
version = "0.1.0"
dependencies = [
 "bytemuck",
]
